
Microsoft Visual Studio Solution File, Format Version 12.00
# Visual Studio 15
VisualStudioVersion = 15.0.28307.168
MinimumVisualStudioVersion = 10.0.40219.1
Project("{FAE04EC0-301F-11D3-BF4B-00C04F79EFBC}") = "Lession1", "Lession1\Lession1.csproj", "{938F82BC-F0C9-4143-B873-5830355A261C}"
EndProject
Global
	GlobalSection(SolutionConfigurationPlatforms) = preSolution
		Debug|Any CPU = Debug|Any CPU
		Release|Any CPU = Release|Any CPU
	EndGlobalSection
	GlobalSection(ProjectConfigurationPlatforms) = postSolution
		{938F82BC-F0C9-4143-B873-5830355A261C}.Debug|Any CPU.ActiveCfg = Debug|Any CPU
		{938F82BC-F0C9-4143-B873-5830355A261C}.Debug|Any CPU.Build.0 = Debug|Any CPU
		{938F82BC-F0C9-4143-B873-5830355A261C}.Release|Any CPU.ActiveCfg = Release|Any CPU
		{938F82BC-F0C9-4143-B873-5830355A261C}.Release|Any CPU.Build.0 = Release|Any CPU
	EndGlobalSection
	GlobalSection(SolutionProperties) = preSolution
		HideSolutionNode = FALSE
	EndGlobalSection
	GlobalSection(ExtensibilityGlobals) = postSolution
		SolutionGuid = {E697BF75-0DE7-4497-9D8F-BDEDB50A46EB}
	EndGlobalSection
EndGlobal
